
Microsoft Visual Studio Solution File, Format Version 12.00
# Visual Studio 15
VisualStudioVersion = 15.0.28010.2026
MinimumVisualStudioVersion = 10.0.40219.1
Project("{FAE04EC0-301F-11D3-BF4B-00C04F79EFBC}") = "TT_VoxelTerrain", "TT_VoxelTerrain\TT_VoxelTerrain.csproj", "{A5AA0D9B-2384-4D1D-966A-012EF7CB6944}"
EndProject
Global
	GlobalSection(SolutionConfigurationPlatforms) = preSolution
		Debug|Any CPU = Debug|Any CPU
		Release|Any CPU = Release|Any CPU
	EndGlobalSection
	GlobalSection(ProjectConfigurationPlatforms) = postSolution
		{A5AA0D9B-2384-4D1D-966A-012EF7CB6944}.Debug|Any CPU.ActiveCfg = Debug|Any CPU
		{A5AA0D9B-2384-4D1D-966A-012EF7CB6944}.Debug|Any CPU.Build.0 = Debug|Any CPU
		{A5AA0D9B-2384-4D1D-966A-012EF7CB6944}.Release|Any CPU.ActiveCfg = Release|Any CPU
		{A5AA0D9B-2384-4D1D-966A-012EF7CB6944}.Release|Any CPU.Build.0 = Release|Any CPU
	EndGlobalSection
	GlobalSection(SolutionProperties) = preSolution
		HideSolutionNode = FALSE
	EndGlobalSection
	GlobalSection(ExtensibilityGlobals) = postSolution
		SolutionGuid = {33682871-E828-4967-A6CA-83E6CD443D1C}
	EndGlobalSection
EndGlobal
